
Microsoft Visual Studio Solution File, Format Version 12.00
# Visual Studio Version 17
VisualStudioVersion = 17.6.33712.159
MinimumVisualStudioVersion = 10.0.40219.1
Project("{FAE04EC0-301F-11D3-BF4B-00C04F79EFBC}") = "Esa_Job.Android", "Esa_Job\Esa_Job.Android\Esa_Job.Android.csproj", "{E5431D66-8D97-4EA9-A2D5-E071F63B4002}"
EndProject
Project("{FAE04EC0-301F-11D3-BF4B-00C04F79EFBC}") = "Esa_Job.iOS", "Esa_Job\Esa_Job.iOS\Esa_Job.iOS.csproj", "{2A2547ED-8005-4ACA-8F66-23117D3D4715}"
EndProject
Project("{FAE04EC0-301F-11D3-BF4B-00C04F79EFBC}") = "Esa_Job", "Esa_Job\Esa_Job\Esa_Job.csproj", "{BB28B1D2-DDA2-4FD0-BE69-4CD0DEF6A056}"
EndProject
Global
	GlobalSection(SolutionConfigurationPlatforms) = preSolution
		Debug|Any CPU = Debug|Any CPU
		Debug|iPhone = Debug|iPhone
		Debug|iPhoneSimulator = Debug|iPhoneSimulator
		Release|Any CPU = Release|Any CPU
		Release|iPhone = Release|iPhone
		Release|iPhoneSimulator = Release|iPhoneSimulator
	EndGlobalSection
	GlobalSection(ProjectConfigurationPlatforms) = postSolution
		{E5431D66-8D97-4EA9-A2D5-E071F63B4002}.Debug|Any CPU.ActiveCfg = Debug|Any CPU
		{E5431D66-8D97-4EA9-A2D5-E071F63B4002}.Debug|Any CPU.Build.0 = Debug|Any CPU
		{E5431D66-8D97-4EA9-A2D5-E071F63B4002}.Debug|Any CPU.Deploy.0 = Debug|Any CPU
		{E5431D66-8D97-4EA9-A2D5-E071F63B4002}.Debug|iPhone.ActiveCfg = Debug|Any CPU
		{E5431D66-8D97-4EA9-A2D5-E071F63B4002}.Debug|iPhone.Build.0 = Debug|Any CPU
		{E5431D66-8D97-4EA9-A2D5-E071F63B4002}.Debug|iPhone.Deploy.0 = Debug|Any CPU
		{E5431D66-8D97-4EA9-A2D5-E071F63B4002}.Debug|iPhoneSimulator.ActiveCfg = Debug|Any CPU
		{E5431D66-8D97-4EA9-A2D5-E071F63B4002}.Debug|iPhoneSimulator.Build.0 = Debug|Any CPU
		{E5431D66-8D97-4EA9-A2D5-E071F63B4002}.Debug|iPhoneSimulator.Deploy.0 = Debug|Any CPU
		{E5431D66-8D97-4EA9-A2D5-E071F63B4002}.Release|Any CPU.ActiveCfg = Release|Any CPU
		{E5431D66-8D97-4EA9-A2D5-E071F63B4002}.Release|Any CPU.Build.0 = Release|Any CPU
		{E5431D66-8D97-4EA9-A2D5-E071F63B4002}.Release|Any CPU.Deploy.0 = Release|Any CPU
		{E5431D66-8D97-4EA9-A2D5-E071F63B4002}.Release|iPhone.ActiveCfg = Release|Any CPU
		{E5431D66-8D97-4EA9-A2D5-E071F63B4002}.Release|iPhone.Build.0 = Release|Any CPU
		{E5431D66-8D97-4EA9-A2D5-E071F63B4002}.Release|iPhone.Deploy.0 = Release|Any CPU
		{E5431D66-8D97-4EA9-A2D5-E071F63B4002}.Release|iPhoneSimulator.ActiveCfg = Release|Any CPU
		{E5431D66-8D97-4EA9-A2D5-E071F63B4002}.Release|iPhoneSimulator.Build.0 = Release|Any CPU
		{E5431D66-8D97-4EA9-A2D5-E071F63B4002}.Release|iPhoneSimulator.Deploy.0 = Release|Any CPU
		{2A2547ED-8005-4ACA-8F66-23117D3D4715}.Debug|Any CPU.ActiveCfg = Debug|iPhone
		{2A2547ED-8005-4ACA-8F66-23117D3D4715}.Debug|Any CPU.Build.0 = Debug|iPhone
		{2A2547ED-8005-4ACA-8F66-23117D3D4715}.Debug|Any CPU.Deploy.0 = Debug|iPhone
		{2A2547ED-8005-4ACA-8F66-23117D3D4715}.Debug|iPhone.ActiveCfg = Debug|iPhone
		{2A2547ED-8005-4ACA-8F66-23117D3D4715}.Debug|iPhone.Build.0 = Debug|iPhone
		{2A2547ED-8005-4ACA-8F66-23117D3D4715}.Debug|iPhone.Deploy.0 = Debug|iPhone
		{2A2547ED-8005-4ACA-8F66-23117D3D4715}.Debug|iPhoneSimulator.ActiveCfg = Debug|iPhoneSimulator
		{2A2547ED-8005-4ACA-8F66-23117D3D4715}.Debug|iPhoneSimulator.Build.0 = Debug|iPhoneSimulator
		{2A2547ED-8005-4ACA-8F66-23117D3D4715}.Debug|iPhoneSimulator.Deploy.0 = Debug|iPhoneSimulator
		{2A2547ED-8005-4ACA-8F66-23117D3D4715}.Release|Any CPU.ActiveCfg = Release|iPhoneSimulator
		{2A2547ED-8005-4ACA-8F66-23117D3D4715}.Release|Any CPU.Build.0 = Release|iPhoneSimulator
		{2A2547ED-8005-4ACA-8F66-23117D3D4715}.Release|Any CPU.Deploy.0 = Release|iPhoneSimulator
		{2A2547ED-8005-4ACA-8F66-23117D3D4715}.Release|iPhone.ActiveCfg = Release|iPhone
		{2A2547ED-8005-4ACA-8F66-23117D3D4715}.Release|iPhone.Build.0 = Release|iPhone
		{2A2547ED-8005-4ACA-8F66-23117D3D4715}.Release|iPhone.Deploy.0 = Release|iPhone
		{2A2547ED-8005-4ACA-8F66-23117D3D4715}.Release|iPhoneSimulator.ActiveCfg = Release|iPhoneSimulator
		{2A2547ED-8005-4ACA-8F66-23117D3D4715}.Release|iPhoneSimulator.Build.0 = Release|iPhoneSimulator
		{2A2547ED-8005-4ACA-8F66-23117D3D4715}.Release|iPhoneSimulator.Deploy.0 = Release|iPhoneSimulator
		{BB28B1D2-DDA2-4FD0-BE69-4CD0DEF6A056}.Debug|Any CPU.ActiveCfg = Debug|Any CPU
		{BB28B1D2-DDA2-4FD0-BE69-4CD0DEF6A056}.Debug|Any CPU.Build.0 = Debug|Any CPU
		{BB28B1D2-DDA2-4FD0-BE69-4CD0DEF6A056}.Debug|Any CPU.Deploy.0 = Debug|Any CPU
		{BB28B1D2-DDA2-4FD0-BE69-4CD0DEF6A056}.Debug|iPhone.ActiveCfg = Debug|Any CPU
		{BB28B1D2-DDA2-4FD0-BE69-4CD0DEF6A056}.Debug|iPhone.Build.0 = Debug|Any CPU
		{BB28B1D2-DDA2-4FD0-BE69-4CD0DEF6A056}.Debug|iPhone.Deploy.0 = Debug|Any CPU
		{BB28B1D2-DDA2-4FD0-BE69-4CD0DEF6A056}.Debug|iPhoneSimulator.ActiveCfg = Debug|Any CPU
		{BB28B1D2-DDA2-4FD0-BE69-4CD0DEF6A056}.Debug|iPhoneSimulator.Build.0 = Debug|Any CPU
		{BB28B1D2-DDA2-4FD0-BE69-4CD0DEF6A056}.Debug|iPhoneSimulator.Deploy.0 = Debug|Any CPU
		{BB28B1D2-DDA2-4FD0-BE69-4CD0DEF6A056}.Release|Any CPU.ActiveCfg = Release|Any CPU
		{BB28B1D2-DDA2-4FD0-BE69-4CD0DEF6A056}.Release|Any CPU.Build.0 = Release|Any CPU
		{BB28B1D2-DDA2-4FD0-BE69-4CD0DEF6A056}.Release|Any CPU.Deploy.0 = Release|Any CPU
		{BB28B1D2-DDA2-4FD0-BE69-4CD0DEF6A056}.Release|iPhone.ActiveCfg = Release|Any CPU
		{BB28B1D2-DDA2-4FD0-BE69-4CD0DEF6A056}.Release|iPhone.Build.0 = Release|Any CPU
		{BB28B1D2-DDA2-4FD0-BE69-4CD0DEF6A056}.Release|iPhone.Deploy.0 = Release|Any CPU
		{BB28B1D2-DDA2-4FD0-BE69-4CD0DEF6A056}.Release|iPhoneSimulator.ActiveCfg = Release|Any CPU
		{BB28B1D2-DDA2-4FD0-BE69-4CD0DEF6A056}.Release|iPhoneSimulator.Build.0 = Release|Any CPU
		{BB28B1D2-DDA2-4FD0-BE69-4CD0DEF6A056}.Release|iPhoneSimulator.Deploy.0 = Release|Any CPU
	EndGlobalSection
	GlobalSection(SolutionProperties) = preSolution
		HideSolutionNode = FALSE
	EndGlobalSection
	GlobalSection(ExtensibilityGlobals) = postSolution
		SolutionGuid = {32FBD25B-C871-40A1-AACC-611CAE663770}
	EndGlobalSection
EndGlobal
